
Microsoft Visual Studio Solution File, Format Version 12.00
# Visual Studio 2013
VisualStudioVersion = 12.0.30501.0
MinimumVisualStudioVersion = 10.0.40219.1
Project("{8BC9CEB8-8B4A-11D0-8D11-00A0C91BC942}") = "ReadWriteEmptyTFile", "ReadWriteEmptyTFile\ReadWriteEmptyTFile.vcxproj", "{62719F9B-8EEB-4EFC-89D7-7527B8F8E4F3}"
EndProject
Project("{8BC9CEB8-8B4A-11D0-8D11-00A0C91BC942}") = "ReadWriteHistogramToTFile", "ReadWriteHistogramToTFile\ReadWriteHistogramToTFile.vcxproj", "{F1AD7165-152B-45E9-A80A-4EE4755646D5}"
EndProject
Project("{8BC9CEB8-8B4A-11D0-8D11-00A0C91BC942}") = "LimitExtrapolation", "LimitExtrapolation\LimitExtrapolation.vcxproj", "{976DBC31-8B67-4868-980A-CC7C2A10FD78}"
EndProject
Project("{8BC9CEB8-8B4A-11D0-8D11-00A0C91BC942}") = "ManipTString", "ManipTString\ManipTString.vcxproj", "{C79063BA-1083-4DFF-87D5-B58391EF39AF}"
EndProject
Project("{8BC9CEB8-8B4A-11D0-8D11-00A0C91BC942}") = "GetSharedLibraryList", "GetSharedLibraryList\GetSharedLibraryList.vcxproj", "{FBD9C3B2-6B6A-4FA1-9491-731A180405AF}"
EndProject
Project("{8BC9CEB8-8B4A-11D0-8D11-00A0C91BC942}") = "CompileMacro", "CompileMacro\CompileMacro.vcxproj", "{39F40844-9C8E-4B60-BB5B-2989117FA72E}"
EndProject
Global
	GlobalSection(SolutionConfigurationPlatforms) = preSolution
		Debug|Win32 = Debug|Win32
		Release - With Debug Info Non Opt|Win32 = Release - With Debug Info Non Opt|Win32
		Release|Win32 = Release|Win32
	EndGlobalSection
	GlobalSection(ProjectConfigurationPlatforms) = postSolution
		{62719F9B-8EEB-4EFC-89D7-7527B8F8E4F3}.Debug|Win32.ActiveCfg = Debug|Win32
		{62719F9B-8EEB-4EFC-89D7-7527B8F8E4F3}.Debug|Win32.Build.0 = Debug|Win32
		{62719F9B-8EEB-4EFC-89D7-7527B8F8E4F3}.Release - With Debug Info Non Opt|Win32.ActiveCfg = Release - With Debug Info Non Opt|Win32
		{62719F9B-8EEB-4EFC-89D7-7527B8F8E4F3}.Release - With Debug Info Non Opt|Win32.Build.0 = Release - With Debug Info Non Opt|Win32
		{62719F9B-8EEB-4EFC-89D7-7527B8F8E4F3}.Release|Win32.ActiveCfg = Release|Win32
		{62719F9B-8EEB-4EFC-89D7-7527B8F8E4F3}.Release|Win32.Build.0 = Release|Win32
		{F1AD7165-152B-45E9-A80A-4EE4755646D5}.Debug|Win32.ActiveCfg = Debug|Win32
		{F1AD7165-152B-45E9-A80A-4EE4755646D5}.Debug|Win32.Build.0 = Debug|Win32
		{F1AD7165-152B-45E9-A80A-4EE4755646D5}.Release - With Debug Info Non Opt|Win32.ActiveCfg = Release - With Debug Info Non Opt|Win32
		{F1AD7165-152B-45E9-A80A-4EE4755646D5}.Release - With Debug Info Non Opt|Win32.Build.0 = Release - With Debug Info Non Opt|Win32
		{F1AD7165-152B-45E9-A80A-4EE4755646D5}.Release|Win32.ActiveCfg = Release|Win32
		{F1AD7165-152B-45E9-A80A-4EE4755646D5}.Release|Win32.Build.0 = Release|Win32
		{976DBC31-8B67-4868-980A-CC7C2A10FD78}.Debug|Win32.ActiveCfg = Debug|Win32
		{976DBC31-8B67-4868-980A-CC7C2A10FD78}.Debug|Win32.Build.0 = Debug|Win32
		{976DBC31-8B67-4868-980A-CC7C2A10FD78}.Release - With Debug Info Non Opt|Win32.ActiveCfg = Release - With Debug Info Non Opt|Win32
		{976DBC31-8B67-4868-980A-CC7C2A10FD78}.Release - With Debug Info Non Opt|Win32.Build.0 = Release - With Debug Info Non Opt|Win32
		{976DBC31-8B67-4868-980A-CC7C2A10FD78}.Release|Win32.ActiveCfg = Release|Win32
		{976DBC31-8B67-4868-980A-CC7C2A10FD78}.Release|Win32.Build.0 = Release|Win32
		{C79063BA-1083-4DFF-87D5-B58391EF39AF}.Debug|Win32.ActiveCfg = Debug|Win32
		{C79063BA-1083-4DFF-87D5-B58391EF39AF}.Debug|Win32.Build.0 = Debug|Win32
		{C79063BA-1083-4DFF-87D5-B58391EF39AF}.Release - With Debug Info Non Opt|Win32.ActiveCfg = Release - With Debug Info Non Opt|Win32
		{C79063BA-1083-4DFF-87D5-B58391EF39AF}.Release - With Debug Info Non Opt|Win32.Build.0 = Release - With Debug Info Non Opt|Win32
		{C79063BA-1083-4DFF-87D5-B58391EF39AF}.Release|Win32.ActiveCfg = Release|Win32
		{C79063BA-1083-4DFF-87D5-B58391EF39AF}.Release|Win32.Build.0 = Release|Win32
		{FBD9C3B2-6B6A-4FA1-9491-731A180405AF}.Debug|Win32.ActiveCfg = Debug|Win32
		{FBD9C3B2-6B6A-4FA1-9491-731A180405AF}.Debug|Win32.Build.0 = Debug|Win32
		{FBD9C3B2-6B6A-4FA1-9491-731A180405AF}.Release - With Debug Info Non Opt|Win32.ActiveCfg = Release|Win32
		{FBD9C3B2-6B6A-4FA1-9491-731A180405AF}.Release - With Debug Info Non Opt|Win32.Build.0 = Release|Win32
		{FBD9C3B2-6B6A-4FA1-9491-731A180405AF}.Release|Win32.ActiveCfg = Release|Win32
		{FBD9C3B2-6B6A-4FA1-9491-731A180405AF}.Release|Win32.Build.0 = Release|Win32
		{39F40844-9C8E-4B60-BB5B-2989117FA72E}.Debug|Win32.ActiveCfg = Debug|Win32
		{39F40844-9C8E-4B60-BB5B-2989117FA72E}.Debug|Win32.Build.0 = Debug|Win32
		{39F40844-9C8E-4B60-BB5B-2989117FA72E}.Release - With Debug Info Non Opt|Win32.ActiveCfg = Release|Win32
		{39F40844-9C8E-4B60-BB5B-2989117FA72E}.Release - With Debug Info Non Opt|Win32.Build.0 = Release|Win32
		{39F40844-9C8E-4B60-BB5B-2989117FA72E}.Release|Win32.ActiveCfg = Release|Win32
		{39F40844-9C8E-4B60-BB5B-2989117FA72E}.Release|Win32.Build.0 = Release|Win32
	EndGlobalSection
	GlobalSection(SolutionProperties) = preSolution
		HideSolutionNode = FALSE
	EndGlobalSection
EndGlobal
